
Microsoft Visual Studio Solution File, Format Version 12.00
# Visual Studio Version 16
VisualStudioVersion = 16.0.29613.14
MinimumVisualStudioVersion = 10.0.40219.1
Project("{FAE04EC0-301F-11D3-BF4B-00C04F79EFBC}") = "RealTimeCacheApp", "RealTimeCacheApp.csproj", "{DB8B7DA7-36A5-4D81-AC4D-FD1DF65E3E3C}"
EndProject
Global
	GlobalSection(SolutionConfigurationPlatforms) = preSolution
		Debug|Any CPU = Debug|Any CPU
		Release|Any CPU = Release|Any CPU
	EndGlobalSection
	GlobalSection(ProjectConfigurationPlatforms) = postSolution
		{DB8B7DA7-36A5-4D81-AC4D-FD1DF65E3E3C}.Debug|Any CPU.ActiveCfg = Debug|Any CPU
		{DB8B7DA7-36A5-4D81-AC4D-FD1DF65E3E3C}.Debug|Any CPU.Build.0 = Debug|Any CPU
		{DB8B7DA7-36A5-4D81-AC4D-FD1DF65E3E3C}.Release|Any CPU.ActiveCfg = Release|Any CPU
		{DB8B7DA7-36A5-4D81-AC4D-FD1DF65E3E3C}.Release|Any CPU.Build.0 = Release|Any CPU
	EndGlobalSection
	GlobalSection(SolutionProperties) = preSolution
		HideSolutionNode = FALSE
	EndGlobalSection
	GlobalSection(ExtensibilityGlobals) = postSolution
		SolutionGuid = {FF95B47F-3FC0-4E27-B49B-D44F07CA81A3}
	EndGlobalSection
EndGlobal
